
Microsoft Visual Studio Solution File, Format Version 12.00
# Visual Studio Version 17
VisualStudioVersion = 17.4.33213.308
MinimumVisualStudioVersion = 10.0.40219.1
Project("{FAE04EC0-301F-11D3-BF4B-00C04F79EFBC}") = "Final", "Final\Final.csproj", "{0F209A9F-7D72-41B7-87E0-ACD4B6115FB1}"
EndProject
Global
	GlobalSection(SolutionConfigurationPlatforms) = preSolution
		Debug|Any CPU = Debug|Any CPU
		Release|Any CPU = Release|Any CPU
	EndGlobalSection
	GlobalSection(ProjectConfigurationPlatforms) = postSolution
		{0F209A9F-7D72-41B7-87E0-ACD4B6115FB1}.Debug|Any CPU.ActiveCfg = Debug|Any CPU
		{0F209A9F-7D72-41B7-87E0-ACD4B6115FB1}.Debug|Any CPU.Build.0 = Debug|Any CPU
		{0F209A9F-7D72-41B7-87E0-ACD4B6115FB1}.Release|Any CPU.ActiveCfg = Release|Any CPU
		{0F209A9F-7D72-41B7-87E0-ACD4B6115FB1}.Release|Any CPU.Build.0 = Release|Any CPU
	EndGlobalSection
	GlobalSection(SolutionProperties) = preSolution
		HideSolutionNode = FALSE
	EndGlobalSection
	GlobalSection(ExtensibilityGlobals) = postSolution
		SolutionGuid = {DDF1C26B-20BB-4873-A422-56D428A4C1B7}
	EndGlobalSection
EndGlobal
